
Microsoft Visual Studio Solution File, Format Version 12.00
# Visual Studio Version 17
VisualStudioVersion = 17.7.34031.279
MinimumVisualStudioVersion = 10.0.40219.1
Project("{FAE04EC0-301F-11D3-BF4B-00C04F79EFBC}") = "OOP_concepts_with_chsarp", "OOP_concepts_with_chsarp\OOP_concepts_with_chsarp.csproj", "{BE8F1EB7-02C5-4706-9BD0-EE87AB2BFDE7}"
EndProject
Global
	GlobalSection(SolutionConfigurationPlatforms) = preSolution
		Debug|Any CPU = Debug|Any CPU
		Release|Any CPU = Release|Any CPU
	EndGlobalSection
	GlobalSection(ProjectConfigurationPlatforms) = postSolution
		{BE8F1EB7-02C5-4706-9BD0-EE87AB2BFDE7}.Debug|Any CPU.ActiveCfg = Debug|Any CPU
		{BE8F1EB7-02C5-4706-9BD0-EE87AB2BFDE7}.Debug|Any CPU.Build.0 = Debug|Any CPU
		{BE8F1EB7-02C5-4706-9BD0-EE87AB2BFDE7}.Release|Any CPU.ActiveCfg = Release|Any CPU
		{BE8F1EB7-02C5-4706-9BD0-EE87AB2BFDE7}.Release|Any CPU.Build.0 = Release|Any CPU
	EndGlobalSection
	GlobalSection(SolutionProperties) = preSolution
		HideSolutionNode = FALSE
	EndGlobalSection
	GlobalSection(ExtensibilityGlobals) = postSolution
		SolutionGuid = {1A4DD631-8F4A-42B3-94AE-176CB19279D0}
	EndGlobalSection
EndGlobal
