
Microsoft Visual Studio Solution File, Format Version 12.00
# Visual Studio Version 17
VisualStudioVersion = 17.7.34031.279
MinimumVisualStudioVersion = 10.0.40219.1
Project("{FAE04EC0-301F-11D3-BF4B-00C04F79EFBC}") = "Algorithm_in_csharp", "Algorithm_in_csharp\Algorithm_in_csharp.csproj", "{E660BBCD-554F-468E-A673-A1B2F5AE5350}"
EndProject
Global
	GlobalSection(SolutionConfigurationPlatforms) = preSolution
		Debug|Any CPU = Debug|Any CPU
		Release|Any CPU = Release|Any CPU
	EndGlobalSection
	GlobalSection(ProjectConfigurationPlatforms) = postSolution
		{E660BBCD-554F-468E-A673-A1B2F5AE5350}.Debug|Any CPU.ActiveCfg = Debug|Any CPU
		{E660BBCD-554F-468E-A673-A1B2F5AE5350}.Debug|Any CPU.Build.0 = Debug|Any CPU
		{E660BBCD-554F-468E-A673-A1B2F5AE5350}.Release|Any CPU.ActiveCfg = Release|Any CPU
		{E660BBCD-554F-468E-A673-A1B2F5AE5350}.Release|Any CPU.Build.0 = Release|Any CPU
	EndGlobalSection
	GlobalSection(SolutionProperties) = preSolution
		HideSolutionNode = FALSE
	EndGlobalSection
	GlobalSection(ExtensibilityGlobals) = postSolution
		SolutionGuid = {4BCFB0BA-C898-4AC8-BC46-58338526F870}
	EndGlobalSection
EndGlobal
