
Microsoft Visual Studio Solution File, Format Version 12.00
# Visual Studio Version 17
VisualStudioVersion = 17.7.34031.279
MinimumVisualStudioVersion = 10.0.40219.1
Project("{FAE04EC0-301F-11D3-BF4B-00C04F79EFBC}") = "Tree", "Tree\Tree.csproj", "{8796E1C5-B110-4834-B490-5BFBE5B53FB6}"
EndProject
Global
	GlobalSection(SolutionConfigurationPlatforms) = preSolution
		Debug|Any CPU = Debug|Any CPU
		Release|Any CPU = Release|Any CPU
	EndGlobalSection
	GlobalSection(ProjectConfigurationPlatforms) = postSolution
		{8796E1C5-B110-4834-B490-5BFBE5B53FB6}.Debug|Any CPU.ActiveCfg = Debug|Any CPU
		{8796E1C5-B110-4834-B490-5BFBE5B53FB6}.Debug|Any CPU.Build.0 = Debug|Any CPU
		{8796E1C5-B110-4834-B490-5BFBE5B53FB6}.Release|Any CPU.ActiveCfg = Release|Any CPU
		{8796E1C5-B110-4834-B490-5BFBE5B53FB6}.Release|Any CPU.Build.0 = Release|Any CPU
	EndGlobalSection
	GlobalSection(SolutionProperties) = preSolution
		HideSolutionNode = FALSE
	EndGlobalSection
	GlobalSection(ExtensibilityGlobals) = postSolution
		SolutionGuid = {F8617E38-7A7A-435F-848B-1A5BCAD3CC31}
	EndGlobalSection
EndGlobal
