
Microsoft Visual Studio Solution File, Format Version 12.00
# Visual Studio Version 17
VisualStudioVersion = 17.7.34031.279
MinimumVisualStudioVersion = 10.0.40219.1
Project("{FAE04EC0-301F-11D3-BF4B-00C04F79EFBC}") = "String", "String\String.csproj", "{66C8CF9C-0690-4332-9EB1-4A418F5A4AA1}"
EndProject
Global
	GlobalSection(SolutionConfigurationPlatforms) = preSolution
		Debug|Any CPU = Debug|Any CPU
		Release|Any CPU = Release|Any CPU
	EndGlobalSection
	GlobalSection(ProjectConfigurationPlatforms) = postSolution
		{66C8CF9C-0690-4332-9EB1-4A418F5A4AA1}.Debug|Any CPU.ActiveCfg = Debug|Any CPU
		{66C8CF9C-0690-4332-9EB1-4A418F5A4AA1}.Debug|Any CPU.Build.0 = Debug|Any CPU
		{66C8CF9C-0690-4332-9EB1-4A418F5A4AA1}.Release|Any CPU.ActiveCfg = Release|Any CPU
		{66C8CF9C-0690-4332-9EB1-4A418F5A4AA1}.Release|Any CPU.Build.0 = Release|Any CPU
	EndGlobalSection
	GlobalSection(SolutionProperties) = preSolution
		HideSolutionNode = FALSE
	EndGlobalSection
	GlobalSection(ExtensibilityGlobals) = postSolution
		SolutionGuid = {6F08FDEC-7EBA-4378-99E8-2D2BD939DFF5}
	EndGlobalSection
EndGlobal
